
Microsoft Visual Studio Solution File, Format Version 12.00
# Visual Studio Version 17
VisualStudioVersion = 17.7.34031.279
MinimumVisualStudioVersion = 10.0.40219.1
Project("{2150E333-8FDC-42A3-9474-1A3956D46DE8}") = "1.Fundamentals", "1.Fundamentals", "{F379913E-84D0-4CC5-A04D-B91B88C3EE80}"
EndProject
Project("{2150E333-8FDC-42A3-9474-1A3956D46DE8}") = "2.Techniques", "2.Techniques", "{4111B938-EFA4-4E08-9118-E0D787BE004D}"
EndProject
Project("{2150E333-8FDC-42A3-9474-1A3956D46DE8}") = "3.Concepts", "3.Concepts", "{46738C1B-E75E-44B9-8BB3-F5FD4D83D579}"
EndProject
Project("{2150E333-8FDC-42A3-9474-1A3956D46DE8}") = "4.RealWorld", "4.RealWorld", "{0AAF85E4-DE50-432F-BD26-1CF9F8310362}"
EndProject
Project("{2150E333-8FDC-42A3-9474-1A3956D46DE8}") = "5.AdvancedTechniques", "5.AdvancedTechniques", "{F1C2BDB4-1396-40E0-B640-851612D59664}"
EndProject
Project("{2150E333-8FDC-42A3-9474-1A3956D46DE8}") = "LearningMaterial", "LearningMaterial", "{F72D78B4-518B-49FE-ADBD-50E3B74ED6FC}"
EndProject
Project("{9A19103F-16F7-4668-BE54-9A1E7A4F7556}") = "Users.Api", "LearningMaterial\Users.Api\Users.Api.csproj", "{4B2ADC1D-B29D-4C83-94CF-240F296A7AE9}"
EndProject
Project("{2150E333-8FDC-42A3-9474-1A3956D46DE8}") = "src", "src", "{0DF5268B-FA19-41A1-AD53-46F6B1898849}"
EndProject
Project("{2150E333-8FDC-42A3-9474-1A3956D46DE8}") = "test", "test", "{FAF0BFDA-E570-4F15-868E-5DE205B42C99}"
EndProject
Project("{2150E333-8FDC-42A3-9474-1A3956D46DE8}") = "src", "src", "{DF545DC6-D4B4-42B1-915A-6A225C9F77C9}"
EndProject
Project("{2150E333-8FDC-42A3-9474-1A3956D46DE8}") = "test", "test", "{79499730-C280-4D4F-BC49-EA3500241E49}"
EndProject
Project("{2150E333-8FDC-42A3-9474-1A3956D46DE8}") = "src", "src", "{9B23ED0F-BA14-4649-9C0B-A6101738CAC5}"
EndProject
Project("{2150E333-8FDC-42A3-9474-1A3956D46DE8}") = "test", "test", "{31702170-7C6B-4D2E-B051-148DABADDCE5}"
EndProject
Project("{2150E333-8FDC-42A3-9474-1A3956D46DE8}") = "src", "src", "{074AE73C-4AD3-4CF3-8AB6-ADD9450436E8}"
EndProject
Project("{2150E333-8FDC-42A3-9474-1A3956D46DE8}") = "test", "test", "{70E0B143-1669-4E7A-992D-4C7B08C77EC6}"
EndProject
Project("{2150E333-8FDC-42A3-9474-1A3956D46DE8}") = "src", "src", "{8E55FBE2-CC3D-449E-91C4-6BD32146D551}"
EndProject
Project("{2150E333-8FDC-42A3-9474-1A3956D46DE8}") = "test", "test", "{9BE0B577-EFD4-475A-B4BE-8D2A7A7369E9}"
EndProject
Project("{9A19103F-16F7-4668-BE54-9A1E7A4F7556}") = "CalculatorLibrary", "1.Fundamentals\src\CalculatorLibrary\CalculatorLibrary.csproj", "{ED19427A-1368-4BE1-B36E-F69807626323}"
EndProject
Project("{9A19103F-16F7-4668-BE54-9A1E7A4F7556}") = "CalculatorLibrary.Tests.Unit", "1.Fundamentals\test\CalculatorLibrary.Tests.Unit\CalculatorLibrary.Tests.Unit.csproj", "{99D0DDC5-1C15-4B86-B5A7-097DD57E6195}"
EndProject
Project("{9A19103F-16F7-4668-BE54-9A1E7A4F7556}") = "CalculatorLibrary.Tests.Unit", "LearningMaterial\CalculatorLibrary.Tests.Unit\CalculatorLibrary.Tests.Unit.csproj", "{DA5A8518-01CA-4B68-BB65-1879C6509557}"
EndProject
Project("{9A19103F-16F7-4668-BE54-9A1E7A4F7556}") = "TestingTechniques", "2.Techniques\src\TestingTechniques\TestingTechniques.csproj", "{0EBAD347-4277-432D-900E-D3AB4B401A7D}"
EndProject
Project("{9A19103F-16F7-4668-BE54-9A1E7A4F7556}") = "TestingTechniques.Tests.Unit", "2.Techniques\test\TestingTechniques.Tests.Unit\TestingTechniques.Tests.Unit.csproj", "{E3631B8B-505E-46E6-932B-C9329AF695F1}"
EndProject
Project("{9A19103F-16F7-4668-BE54-9A1E7A4F7556}") = "UnderstandingDependencies.Api", "3.Concepts\src\UnderstandingDependencies.Api\UnderstandingDependencies.Api.csproj", "{0474B938-84B3-420B-9C1E-D907780FEDD0}"
EndProject
Project("{9A19103F-16F7-4668-BE54-9A1E7A4F7556}") = "UnderstandingDependencies.Api.Tests.Unit", "3.Concepts\test\UnderstandingDependencies.Api.Tests.Unit\UnderstandingDependencies.Api.Tests.Unit.csproj", "{4D427B67-828B-411C-BDAE-8617CA886EF1}"
EndProject
Project("{9A19103F-16F7-4668-BE54-9A1E7A4F7556}") = "Users.Api", "4.RealWorld\src\Users.Api\Users.Api.csproj", "{BE707CFF-F3C4-4BA6-B3EC-BFA6558F8714}"
EndProject
Project("{9A19103F-16F7-4668-BE54-9A1E7A4F7556}") = "Users.Api.Tests.Unit", "4.RealWorld\test\Users.Api.Tests.Unit\Users.Api.Tests.Unit.csproj", "{D9D885BE-C9CE-4682-89FC-61C10BFD0639}"
EndProject
Project("{9A19103F-16F7-4668-BE54-9A1E7A4F7556}") = "Users.Api.Tests.Unit.Application", "LearningMaterial\Users.Api.Tests.Unit.Application\Users.Api.Tests.Unit.Application.csproj", "{304C44CA-05F4-4523-A1DF-92EB96E85279}"
EndProject
Project("{9A19103F-16F7-4668-BE54-9A1E7A4F7556}") = "Users.Api.Tests.Unit.ApiLayer", "LearningMaterial\Users.Api.Tests.Unit.ApiLayer\Users.Api.Tests.Unit.ApiLayer.csproj", "{96600F42-BA48-41AC-B2DD-56B9B5564B87}"
EndProject
Project("{9A19103F-16F7-4668-BE54-9A1E7A4F7556}") = "AdvancedTechniques", "5.AdvancedTechniques\src\AdvancedTechniques\AdvancedTechniques.csproj", "{2B00BDF0-7EF7-4750-AD53-61859C181AB5}"
EndProject
Project("{9A19103F-16F7-4668-BE54-9A1E7A4F7556}") = "AdvancedTechniques.Tests.Unit", "5.AdvancedTechniques\test\AdvancedTechniques.Tests.Unit\AdvancedTechniques.Tests.Unit.csproj", "{BFA0D528-8FE7-4FAB-B83B-C3E43C03A62F}"
EndProject
Project("{2150E333-8FDC-42A3-9474-1A3956D46DE8}") = "6.Concepts - Copy", "6.Concepts - Copy", "{62BF3A8A-B42E-45D8-95DB-94AC85E53082}"
EndProject
Project("{2150E333-8FDC-42A3-9474-1A3956D46DE8}") = "src", "src", "{82D8A3D1-4620-4384-B45F-341448465D09}"
EndProject
Project("{2150E333-8FDC-42A3-9474-1A3956D46DE8}") = "test", "test", "{C15973F8-B852-49D0-9212-7BAA9148DEBB}"
EndProject
Project("{9A19103F-16F7-4668-BE54-9A1E7A4F7556}") = "UnderstandingDependencies.Api.Tests.Unit", "6.Concepts - Copy\test\UnderstandingDependencies.Api.Tests.Unit\UnderstandingDependencies.Api.Tests.Unit.csproj", "{10769FC3-A67D-4BC9-94A8-157A47FC3979}"
EndProject
Project("{9A19103F-16F7-4668-BE54-9A1E7A4F7556}") = "UnderstandingDependencies.Api", "6.Concepts - Copy\src\UnderstandingDependencies.Api\UnderstandingDependencies.Api.csproj", "{E00E8F4A-10E1-4FC2-A73D-3FB55F111644}"
EndProject
Project("{2150E333-8FDC-42A3-9474-1A3956D46DE8}") = "7.BestPractices", "7.BestPractices", "{59CFD7DF-F0B2-4F77-B8DF-FB5AD25B434E}"
EndProject
Project("{2150E333-8FDC-42A3-9474-1A3956D46DE8}") = "src", "src", "{9450F678-4A18-44B0-81E8-11699A415A90}"
EndProject
Project("{2150E333-8FDC-42A3-9474-1A3956D46DE8}") = "test", "test", "{4BC72F59-2FFD-4203-9EFA-E61819412143}"
EndProject
Project("{FAE04EC0-301F-11D3-BF4B-00C04F79EFBC}") = "BestPractices", "BestPractices\BestPractices.csproj", "{8CC7ADAD-DA5A-407E-8F7B-44163B95FE63}"
EndProject
Project("{FAE04EC0-301F-11D3-BF4B-00C04F79EFBC}") = "BestPractices.Tests.Unit", "BestPractices.Tests.Unit\BestPractices.Tests.Unit.csproj", "{8C20FD79-BB3A-4263-B238-81623E040A4D}"
EndProject
Global
	GlobalSection(SolutionConfigurationPlatforms) = preSolution
		Debug|Any CPU = Debug|Any CPU
		Release|Any CPU = Release|Any CPU
	EndGlobalSection
	GlobalSection(ProjectConfigurationPlatforms) = postSolution
		{4B2ADC1D-B29D-4C83-94CF-240F296A7AE9}.Debug|Any CPU.ActiveCfg = Debug|Any CPU
		{4B2ADC1D-B29D-4C83-94CF-240F296A7AE9}.Debug|Any CPU.Build.0 = Debug|Any CPU
		{4B2ADC1D-B29D-4C83-94CF-240F296A7AE9}.Release|Any CPU.ActiveCfg = Release|Any CPU
		{4B2ADC1D-B29D-4C83-94CF-240F296A7AE9}.Release|Any CPU.Build.0 = Release|Any CPU
		{ED19427A-1368-4BE1-B36E-F69807626323}.Debug|Any CPU.ActiveCfg = Debug|Any CPU
		{ED19427A-1368-4BE1-B36E-F69807626323}.Debug|Any CPU.Build.0 = Debug|Any CPU
		{ED19427A-1368-4BE1-B36E-F69807626323}.Release|Any CPU.ActiveCfg = Release|Any CPU
		{ED19427A-1368-4BE1-B36E-F69807626323}.Release|Any CPU.Build.0 = Release|Any CPU
		{99D0DDC5-1C15-4B86-B5A7-097DD57E6195}.Debug|Any CPU.ActiveCfg = Debug|Any CPU
		{99D0DDC5-1C15-4B86-B5A7-097DD57E6195}.Debug|Any CPU.Build.0 = Debug|Any CPU
		{99D0DDC5-1C15-4B86-B5A7-097DD57E6195}.Release|Any CPU.ActiveCfg = Release|Any CPU
		{99D0DDC5-1C15-4B86-B5A7-097DD57E6195}.Release|Any CPU.Build.0 = Release|Any CPU
		{DA5A8518-01CA-4B68-BB65-1879C6509557}.Debug|Any CPU.ActiveCfg = Debug|Any CPU
		{DA5A8518-01CA-4B68-BB65-1879C6509557}.Debug|Any CPU.Build.0 = Debug|Any CPU
		{DA5A8518-01CA-4B68-BB65-1879C6509557}.Release|Any CPU.ActiveCfg = Release|Any CPU
		{DA5A8518-01CA-4B68-BB65-1879C6509557}.Release|Any CPU.Build.0 = Release|Any CPU
		{0EBAD347-4277-432D-900E-D3AB4B401A7D}.Debug|Any CPU.ActiveCfg = Debug|Any CPU
		{0EBAD347-4277-432D-900E-D3AB4B401A7D}.Debug|Any CPU.Build.0 = Debug|Any CPU
		{0EBAD347-4277-432D-900E-D3AB4B401A7D}.Release|Any CPU.ActiveCfg = Release|Any CPU
		{0EBAD347-4277-432D-900E-D3AB4B401A7D}.Release|Any CPU.Build.0 = Release|Any CPU
		{E3631B8B-505E-46E6-932B-C9329AF695F1}.Debug|Any CPU.ActiveCfg = Debug|Any CPU
		{E3631B8B-505E-46E6-932B-C9329AF695F1}.Debug|Any CPU.Build.0 = Debug|Any CPU
		{E3631B8B-505E-46E6-932B-C9329AF695F1}.Release|Any CPU.ActiveCfg = Release|Any CPU
		{E3631B8B-505E-46E6-932B-C9329AF695F1}.Release|Any CPU.Build.0 = Release|Any CPU
		{0474B938-84B3-420B-9C1E-D907780FEDD0}.Debug|Any CPU.ActiveCfg = Debug|Any CPU
		{0474B938-84B3-420B-9C1E-D907780FEDD0}.Debug|Any CPU.Build.0 = Debug|Any CPU
		{0474B938-84B3-420B-9C1E-D907780FEDD0}.Release|Any CPU.ActiveCfg = Release|Any CPU
		{0474B938-84B3-420B-9C1E-D907780FEDD0}.Release|Any CPU.Build.0 = Release|Any CPU
		{4D427B67-828B-411C-BDAE-8617CA886EF1}.Debug|Any CPU.ActiveCfg = Debug|Any CPU
		{4D427B67-828B-411C-BDAE-8617CA886EF1}.Debug|Any CPU.Build.0 = Debug|Any CPU
		{4D427B67-828B-411C-BDAE-8617CA886EF1}.Release|Any CPU.ActiveCfg = Release|Any CPU
		{4D427B67-828B-411C-BDAE-8617CA886EF1}.Release|Any CPU.Build.0 = Release|Any CPU
		{BE707CFF-F3C4-4BA6-B3EC-BFA6558F8714}.Debug|Any CPU.ActiveCfg = Debug|Any CPU
		{BE707CFF-F3C4-4BA6-B3EC-BFA6558F8714}.Debug|Any CPU.Build.0 = Debug|Any CPU
		{BE707CFF-F3C4-4BA6-B3EC-BFA6558F8714}.Release|Any CPU.ActiveCfg = Release|Any CPU
		{BE707CFF-F3C4-4BA6-B3EC-BFA6558F8714}.Release|Any CPU.Build.0 = Release|Any CPU
		{D9D885BE-C9CE-4682-89FC-61C10BFD0639}.Debug|Any CPU.ActiveCfg = Debug|Any CPU
		{D9D885BE-C9CE-4682-89FC-61C10BFD0639}.Debug|Any CPU.Build.0 = Debug|Any CPU
		{D9D885BE-C9CE-4682-89FC-61C10BFD0639}.Release|Any CPU.ActiveCfg = Release|Any CPU
		{D9D885BE-C9CE-4682-89FC-61C10BFD0639}.Release|Any CPU.Build.0 = Release|Any CPU
		{304C44CA-05F4-4523-A1DF-92EB96E85279}.Debug|Any CPU.ActiveCfg = Debug|Any CPU
		{304C44CA-05F4-4523-A1DF-92EB96E85279}.Debug|Any CPU.Build.0 = Debug|Any CPU
		{304C44CA-05F4-4523-A1DF-92EB96E85279}.Release|Any CPU.ActiveCfg = Release|Any CPU
		{304C44CA-05F4-4523-A1DF-92EB96E85279}.Release|Any CPU.Build.0 = Release|Any CPU
		{96600F42-BA48-41AC-B2DD-56B9B5564B87}.Debug|Any CPU.ActiveCfg = Debug|Any CPU
		{96600F42-BA48-41AC-B2DD-56B9B5564B87}.Debug|Any CPU.Build.0 = Debug|Any CPU
		{96600F42-BA48-41AC-B2DD-56B9B5564B87}.Release|Any CPU.ActiveCfg = Release|Any CPU
		{96600F42-BA48-41AC-B2DD-56B9B5564B87}.Release|Any CPU.Build.0 = Release|Any CPU
		{2B00BDF0-7EF7-4750-AD53-61859C181AB5}.Debug|Any CPU.ActiveCfg = Debug|Any CPU
		{2B00BDF0-7EF7-4750-AD53-61859C181AB5}.Debug|Any CPU.Build.0 = Debug|Any CPU
		{2B00BDF0-7EF7-4750-AD53-61859C181AB5}.Release|Any CPU.ActiveCfg = Release|Any CPU
		{2B00BDF0-7EF7-4750-AD53-61859C181AB5}.Release|Any CPU.Build.0 = Release|Any CPU
		{BFA0D528-8FE7-4FAB-B83B-C3E43C03A62F}.Debug|Any CPU.ActiveCfg = Debug|Any CPU
		{BFA0D528-8FE7-4FAB-B83B-C3E43C03A62F}.Debug|Any CPU.Build.0 = Debug|Any CPU
		{BFA0D528-8FE7-4FAB-B83B-C3E43C03A62F}.Release|Any CPU.ActiveCfg = Release|Any CPU
		{BFA0D528-8FE7-4FAB-B83B-C3E43C03A62F}.Release|Any CPU.Build.0 = Release|Any CPU
		{10769FC3-A67D-4BC9-94A8-157A47FC3979}.Debug|Any CPU.ActiveCfg = Debug|Any CPU
		{10769FC3-A67D-4BC9-94A8-157A47FC3979}.Debug|Any CPU.Build.0 = Debug|Any CPU
		{10769FC3-A67D-4BC9-94A8-157A47FC3979}.Release|Any CPU.ActiveCfg = Release|Any CPU
		{10769FC3-A67D-4BC9-94A8-157A47FC3979}.Release|Any CPU.Build.0 = Release|Any CPU
		{E00E8F4A-10E1-4FC2-A73D-3FB55F111644}.Debug|Any CPU.ActiveCfg = Debug|Any CPU
		{E00E8F4A-10E1-4FC2-A73D-3FB55F111644}.Debug|Any CPU.Build.0 = Debug|Any CPU
		{E00E8F4A-10E1-4FC2-A73D-3FB55F111644}.Release|Any CPU.ActiveCfg = Release|Any CPU
		{E00E8F4A-10E1-4FC2-A73D-3FB55F111644}.Release|Any CPU.Build.0 = Release|Any CPU
		{8CC7ADAD-DA5A-407E-8F7B-44163B95FE63}.Debug|Any CPU.ActiveCfg = Debug|Any CPU
		{8CC7ADAD-DA5A-407E-8F7B-44163B95FE63}.Debug|Any CPU.Build.0 = Debug|Any CPU
		{8CC7ADAD-DA5A-407E-8F7B-44163B95FE63}.Release|Any CPU.ActiveCfg = Release|Any CPU
		{8CC7ADAD-DA5A-407E-8F7B-44163B95FE63}.Release|Any CPU.Build.0 = Release|Any CPU
		{8C20FD79-BB3A-4263-B238-81623E040A4D}.Debug|Any CPU.ActiveCfg = Debug|Any CPU
		{8C20FD79-BB3A-4263-B238-81623E040A4D}.Debug|Any CPU.Build.0 = Debug|Any CPU
		{8C20FD79-BB3A-4263-B238-81623E040A4D}.Release|Any CPU.ActiveCfg = Release|Any CPU
		{8C20FD79-BB3A-4263-B238-81623E040A4D}.Release|Any CPU.Build.0 = Release|Any CPU
	EndGlobalSection
	GlobalSection(SolutionProperties) = preSolution
		HideSolutionNode = FALSE
	EndGlobalSection
	GlobalSection(NestedProjects) = preSolution
		{4B2ADC1D-B29D-4C83-94CF-240F296A7AE9} = {F72D78B4-518B-49FE-ADBD-50E3B74ED6FC}
		{0DF5268B-FA19-41A1-AD53-46F6B1898849} = {4111B938-EFA4-4E08-9118-E0D787BE004D}
		{FAF0BFDA-E570-4F15-868E-5DE205B42C99} = {4111B938-EFA4-4E08-9118-E0D787BE004D}
		{DF545DC6-D4B4-42B1-915A-6A225C9F77C9} = {46738C1B-E75E-44B9-8BB3-F5FD4D83D579}
		{79499730-C280-4D4F-BC49-EA3500241E49} = {46738C1B-E75E-44B9-8BB3-F5FD4D83D579}
		{9B23ED0F-BA14-4649-9C0B-A6101738CAC5} = {0AAF85E4-DE50-432F-BD26-1CF9F8310362}
		{31702170-7C6B-4D2E-B051-148DABADDCE5} = {0AAF85E4-DE50-432F-BD26-1CF9F8310362}
		{074AE73C-4AD3-4CF3-8AB6-ADD9450436E8} = {F1C2BDB4-1396-40E0-B640-851612D59664}
		{70E0B143-1669-4E7A-992D-4C7B08C77EC6} = {F1C2BDB4-1396-40E0-B640-851612D59664}
		{8E55FBE2-CC3D-449E-91C4-6BD32146D551} = {F379913E-84D0-4CC5-A04D-B91B88C3EE80}
		{9BE0B577-EFD4-475A-B4BE-8D2A7A7369E9} = {F379913E-84D0-4CC5-A04D-B91B88C3EE80}
		{ED19427A-1368-4BE1-B36E-F69807626323} = {8E55FBE2-CC3D-449E-91C4-6BD32146D551}
		{99D0DDC5-1C15-4B86-B5A7-097DD57E6195} = {9BE0B577-EFD4-475A-B4BE-8D2A7A7369E9}
		{DA5A8518-01CA-4B68-BB65-1879C6509557} = {F72D78B4-518B-49FE-ADBD-50E3B74ED6FC}
		{0EBAD347-4277-432D-900E-D3AB4B401A7D} = {0DF5268B-FA19-41A1-AD53-46F6B1898849}
		{E3631B8B-505E-46E6-932B-C9329AF695F1} = {FAF0BFDA-E570-4F15-868E-5DE205B42C99}
		{0474B938-84B3-420B-9C1E-D907780FEDD0} = {DF545DC6-D4B4-42B1-915A-6A225C9F77C9}
		{4D427B67-828B-411C-BDAE-8617CA886EF1} = {79499730-C280-4D4F-BC49-EA3500241E49}
		{BE707CFF-F3C4-4BA6-B3EC-BFA6558F8714} = {9B23ED0F-BA14-4649-9C0B-A6101738CAC5}
		{D9D885BE-C9CE-4682-89FC-61C10BFD0639} = {31702170-7C6B-4D2E-B051-148DABADDCE5}
		{304C44CA-05F4-4523-A1DF-92EB96E85279} = {F72D78B4-518B-49FE-ADBD-50E3B74ED6FC}
		{96600F42-BA48-41AC-B2DD-56B9B5564B87} = {F72D78B4-518B-49FE-ADBD-50E3B74ED6FC}
		{2B00BDF0-7EF7-4750-AD53-61859C181AB5} = {074AE73C-4AD3-4CF3-8AB6-ADD9450436E8}
		{BFA0D528-8FE7-4FAB-B83B-C3E43C03A62F} = {70E0B143-1669-4E7A-992D-4C7B08C77EC6}
		{82D8A3D1-4620-4384-B45F-341448465D09} = {62BF3A8A-B42E-45D8-95DB-94AC85E53082}
		{C15973F8-B852-49D0-9212-7BAA9148DEBB} = {62BF3A8A-B42E-45D8-95DB-94AC85E53082}
		{10769FC3-A67D-4BC9-94A8-157A47FC3979} = {C15973F8-B852-49D0-9212-7BAA9148DEBB}
		{E00E8F4A-10E1-4FC2-A73D-3FB55F111644} = {82D8A3D1-4620-4384-B45F-341448465D09}
		{9450F678-4A18-44B0-81E8-11699A415A90} = {59CFD7DF-F0B2-4F77-B8DF-FB5AD25B434E}
		{4BC72F59-2FFD-4203-9EFA-E61819412143} = {59CFD7DF-F0B2-4F77-B8DF-FB5AD25B434E}
		{8CC7ADAD-DA5A-407E-8F7B-44163B95FE63} = {9450F678-4A18-44B0-81E8-11699A415A90}
		{8C20FD79-BB3A-4263-B238-81623E040A4D} = {4BC72F59-2FFD-4203-9EFA-E61819412143}
	EndGlobalSection
	GlobalSection(ExtensibilityGlobals) = postSolution
		SolutionGuid = {1A3E9AFE-B3A8-40A5-AFAD-689AAE4CC6F9}
	EndGlobalSection
EndGlobal
