
Microsoft Visual Studio Solution File, Format Version 12.00
# Visual Studio Version 17
VisualStudioVersion = 17.8.34525.116
MinimumVisualStudioVersion = 10.0.40219.1
Project("{FAE04EC0-301F-11D3-BF4B-00C04F79EFBC}") = "AzureOpenAIResearch", "AzureOpenAIResearch.csproj", "{307EED0C-B4D1-4A85-B4A6-8F06A9201F58}"
EndProject
Global
	GlobalSection(SolutionConfigurationPlatforms) = preSolution
		Debug|Any CPU = Debug|Any CPU
		Release|Any CPU = Release|Any CPU
	EndGlobalSection
	GlobalSection(ProjectConfigurationPlatforms) = postSolution
		{307EED0C-B4D1-4A85-B4A6-8F06A9201F58}.Debug|Any CPU.ActiveCfg = Debug|Any CPU
		{307EED0C-B4D1-4A85-B4A6-8F06A9201F58}.Debug|Any CPU.Build.0 = Debug|Any CPU
		{307EED0C-B4D1-4A85-B4A6-8F06A9201F58}.Release|Any CPU.ActiveCfg = Release|Any CPU
		{307EED0C-B4D1-4A85-B4A6-8F06A9201F58}.Release|Any CPU.Build.0 = Release|Any CPU
	EndGlobalSection
	GlobalSection(SolutionProperties) = preSolution
		HideSolutionNode = FALSE
	EndGlobalSection
	GlobalSection(ExtensibilityGlobals) = postSolution
		SolutionGuid = {037D8B66-A9DC-4A31-9EE4-D5C3A47E44C1}
	EndGlobalSection
EndGlobal
