
Microsoft Visual Studio Solution File, Format Version 12.00
# Visual Studio Version 17
VisualStudioVersion = 17.2.32616.157
MinimumVisualStudioVersion = 10.0.40219.1
Project("{9A19103F-16F7-4668-BE54-9A1E7A4F7556}") = "ExampleCSharp", "ExampleCSharp\ExampleCSharp.csproj", "{F50DF30A-32A7-45AF-8CCA-85A1B05FFACF}"
EndProject
Project("{FAE04EC0-301F-11D3-BF4B-00C04F79EFBC}") = "AbstractClassAndInterface", "AbstractClassAndInterface\AbstractClassAndInterface.csproj", "{900E9152-680B-4DE6-98AA-0D4364BBF48D}"
EndProject
Global
	GlobalSection(SolutionConfigurationPlatforms) = preSolution
		Debug|Any CPU = Debug|Any CPU
		Release|Any CPU = Release|Any CPU
	EndGlobalSection
	GlobalSection(ProjectConfigurationPlatforms) = postSolution
		{F50DF30A-32A7-45AF-8CCA-85A1B05FFACF}.Debug|Any CPU.ActiveCfg = Debug|Any CPU
		{F50DF30A-32A7-45AF-8CCA-85A1B05FFACF}.Debug|Any CPU.Build.0 = Debug|Any CPU
		{F50DF30A-32A7-45AF-8CCA-85A1B05FFACF}.Release|Any CPU.ActiveCfg = Release|Any CPU
		{F50DF30A-32A7-45AF-8CCA-85A1B05FFACF}.Release|Any CPU.Build.0 = Release|Any CPU
		{900E9152-680B-4DE6-98AA-0D4364BBF48D}.Debug|Any CPU.ActiveCfg = Debug|Any CPU
		{900E9152-680B-4DE6-98AA-0D4364BBF48D}.Debug|Any CPU.Build.0 = Debug|Any CPU
		{900E9152-680B-4DE6-98AA-0D4364BBF48D}.Release|Any CPU.ActiveCfg = Release|Any CPU
		{900E9152-680B-4DE6-98AA-0D4364BBF48D}.Release|Any CPU.Build.0 = Release|Any CPU
	EndGlobalSection
	GlobalSection(SolutionProperties) = preSolution
		HideSolutionNode = FALSE
	EndGlobalSection
	GlobalSection(ExtensibilityGlobals) = postSolution
		SolutionGuid = {B7C9E77A-7C92-4A1B-AD56-8ECDFD4EF461}
	EndGlobalSection
EndGlobal
