
Microsoft Visual Studio Solution File, Format Version 12.00
# Visual Studio Version 17
VisualStudioVersion = 17.9.34321.82
MinimumVisualStudioVersion = 10.0.40219.1
Project("{9A19103F-16F7-4668-BE54-9A1E7A4F7556}") = "C#10_Demo", "C#10_Demo\C#10_Demo.csproj", "{B157A681-A388-4487-923D-8062E37078B3}"
EndProject
Project("{9A19103F-16F7-4668-BE54-9A1E7A4F7556}") = "C#11_Demo", "C#11_Demo\C#11_Demo.csproj", "{F72D1AEC-9A2D-4266-ABAA-9E50CE4BFAA1}"
EndProject
Project("{9A19103F-16F7-4668-BE54-9A1E7A4F7556}") = "C#12_Demo", "C#12_Demo\C#12_Demo.csproj", "{FF3D2268-3160-4078-8126-18C87FB39D76}"
EndProject
Project("{2150E333-8FDC-42A3-9474-1A3956D46DE8}") = "Libs", "Libs", "{D2BA3712-21F7-40CF-B21B-08EC91FCB96E}"
EndProject
Project("{9A19103F-16F7-4668-BE54-9A1E7A4F7556}") = "Utils", "Utils\Utils.csproj", "{BDA92DB4-0833-47D0-988A-A5DB475891DE}"
EndProject
Project("{9A19103F-16F7-4668-BE54-9A1E7A4F7556}") = "Core", "Core\Core.csproj", "{C504A8B9-FAA7-49AD-9199-1B60F65554A3}"
EndProject
Project("{9A19103F-16F7-4668-BE54-9A1E7A4F7556}") = "NetSevenLib", "NetSevenLib\NetSevenLib.csproj", "{55787D45-C84B-427D-AFAC-F327F7CAAA7A}"
EndProject
Project("{2150E333-8FDC-42A3-9474-1A3956D46DE8}") = "SourceGenerations", "SourceGenerations", "{CD0A3ECA-89BD-4C5B-B412-AB11E8CBDA22}"
EndProject
Project("{FAE04EC0-301F-11D3-BF4B-00C04F79EFBC}") = "SourceGenerationDemo", "SourceGenerations\SourceGenerationDemo\SourceGenerationDemo.csproj", "{24D042F8-C69F-414A-BF2E-BD894B85DC22}"
EndProject
Project("{FAE04EC0-301F-11D3-BF4B-00C04F79EFBC}") = "SourceGenerationLib", "SourceGenerations\SourceGenerationLib\SourceGenerationLib.csproj", "{5BD02609-40CD-42D4-A85B-0E95A8E5D861}"
EndProject
Global
	GlobalSection(SolutionConfigurationPlatforms) = preSolution
		Debug|Any CPU = Debug|Any CPU
		Release|Any CPU = Release|Any CPU
	EndGlobalSection
	GlobalSection(ProjectConfigurationPlatforms) = postSolution
		{B157A681-A388-4487-923D-8062E37078B3}.Debug|Any CPU.ActiveCfg = Debug|Any CPU
		{B157A681-A388-4487-923D-8062E37078B3}.Debug|Any CPU.Build.0 = Debug|Any CPU
		{B157A681-A388-4487-923D-8062E37078B3}.Release|Any CPU.ActiveCfg = Release|Any CPU
		{B157A681-A388-4487-923D-8062E37078B3}.Release|Any CPU.Build.0 = Release|Any CPU
		{F72D1AEC-9A2D-4266-ABAA-9E50CE4BFAA1}.Debug|Any CPU.ActiveCfg = Debug|Any CPU
		{F72D1AEC-9A2D-4266-ABAA-9E50CE4BFAA1}.Debug|Any CPU.Build.0 = Debug|Any CPU
		{F72D1AEC-9A2D-4266-ABAA-9E50CE4BFAA1}.Release|Any CPU.ActiveCfg = Release|Any CPU
		{F72D1AEC-9A2D-4266-ABAA-9E50CE4BFAA1}.Release|Any CPU.Build.0 = Release|Any CPU
		{FF3D2268-3160-4078-8126-18C87FB39D76}.Debug|Any CPU.ActiveCfg = Debug|Any CPU
		{FF3D2268-3160-4078-8126-18C87FB39D76}.Debug|Any CPU.Build.0 = Debug|Any CPU
		{FF3D2268-3160-4078-8126-18C87FB39D76}.Release|Any CPU.ActiveCfg = Release|Any CPU
		{FF3D2268-3160-4078-8126-18C87FB39D76}.Release|Any CPU.Build.0 = Release|Any CPU
		{BDA92DB4-0833-47D0-988A-A5DB475891DE}.Debug|Any CPU.ActiveCfg = Debug|Any CPU
		{BDA92DB4-0833-47D0-988A-A5DB475891DE}.Debug|Any CPU.Build.0 = Debug|Any CPU
		{BDA92DB4-0833-47D0-988A-A5DB475891DE}.Release|Any CPU.ActiveCfg = Release|Any CPU
		{BDA92DB4-0833-47D0-988A-A5DB475891DE}.Release|Any CPU.Build.0 = Release|Any CPU
		{C504A8B9-FAA7-49AD-9199-1B60F65554A3}.Debug|Any CPU.ActiveCfg = Debug|Any CPU
		{C504A8B9-FAA7-49AD-9199-1B60F65554A3}.Debug|Any CPU.Build.0 = Debug|Any CPU
		{C504A8B9-FAA7-49AD-9199-1B60F65554A3}.Release|Any CPU.ActiveCfg = Release|Any CPU
		{C504A8B9-FAA7-49AD-9199-1B60F65554A3}.Release|Any CPU.Build.0 = Release|Any CPU
		{55787D45-C84B-427D-AFAC-F327F7CAAA7A}.Debug|Any CPU.ActiveCfg = Debug|Any CPU
		{55787D45-C84B-427D-AFAC-F327F7CAAA7A}.Debug|Any CPU.Build.0 = Debug|Any CPU
		{55787D45-C84B-427D-AFAC-F327F7CAAA7A}.Release|Any CPU.ActiveCfg = Release|Any CPU
		{55787D45-C84B-427D-AFAC-F327F7CAAA7A}.Release|Any CPU.Build.0 = Release|Any CPU
		{24D042F8-C69F-414A-BF2E-BD894B85DC22}.Debug|Any CPU.ActiveCfg = Debug|Any CPU
		{24D042F8-C69F-414A-BF2E-BD894B85DC22}.Debug|Any CPU.Build.0 = Debug|Any CPU
		{24D042F8-C69F-414A-BF2E-BD894B85DC22}.Release|Any CPU.ActiveCfg = Release|Any CPU
		{24D042F8-C69F-414A-BF2E-BD894B85DC22}.Release|Any CPU.Build.0 = Release|Any CPU
		{5BD02609-40CD-42D4-A85B-0E95A8E5D861}.Debug|Any CPU.ActiveCfg = Debug|Any CPU
		{5BD02609-40CD-42D4-A85B-0E95A8E5D861}.Debug|Any CPU.Build.0 = Debug|Any CPU
		{5BD02609-40CD-42D4-A85B-0E95A8E5D861}.Release|Any CPU.ActiveCfg = Release|Any CPU
		{5BD02609-40CD-42D4-A85B-0E95A8E5D861}.Release|Any CPU.Build.0 = Release|Any CPU
	EndGlobalSection
	GlobalSection(SolutionProperties) = preSolution
		HideSolutionNode = FALSE
	EndGlobalSection
	GlobalSection(NestedProjects) = preSolution
		{BDA92DB4-0833-47D0-988A-A5DB475891DE} = {D2BA3712-21F7-40CF-B21B-08EC91FCB96E}
		{C504A8B9-FAA7-49AD-9199-1B60F65554A3} = {D2BA3712-21F7-40CF-B21B-08EC91FCB96E}
		{55787D45-C84B-427D-AFAC-F327F7CAAA7A} = {D2BA3712-21F7-40CF-B21B-08EC91FCB96E}
		{24D042F8-C69F-414A-BF2E-BD894B85DC22} = {CD0A3ECA-89BD-4C5B-B412-AB11E8CBDA22}
		{5BD02609-40CD-42D4-A85B-0E95A8E5D861} = {CD0A3ECA-89BD-4C5B-B412-AB11E8CBDA22}
	EndGlobalSection
	GlobalSection(ExtensibilityGlobals) = postSolution
		SolutionGuid = {50BC025B-5B52-4D55-9CD0-4C23307B10F2}
	EndGlobalSection
EndGlobal
