
Microsoft Visual Studio Solution File, Format Version 12.00
# Visual Studio Version 17
VisualStudioVersion = 17.5.33424.131
MinimumVisualStudioVersion = 10.0.40219.1
Project("{9A19103F-16F7-4668-BE54-9A1E7A4F7556}") = "BasicLinQ", "BasicLinQ\BasicLinQ.csproj", "{75E2AEB5-B83B-4CC6-AA9D-E6A21E4EA484}"
EndProject
Project("{9A19103F-16F7-4668-BE54-9A1E7A4F7556}") = "QueryExecution", "QueryExecution\QueryExecution.csproj", "{C7DD0D11-2FD3-4945-B915-9B7E9C5B02F8}"
EndProject
Global
	GlobalSection(SolutionConfigurationPlatforms) = preSolution
		Debug|Any CPU = Debug|Any CPU
		Release|Any CPU = Release|Any CPU
	EndGlobalSection
	GlobalSection(ProjectConfigurationPlatforms) = postSolution
		{75E2AEB5-B83B-4CC6-AA9D-E6A21E4EA484}.Debug|Any CPU.ActiveCfg = Debug|Any CPU
		{75E2AEB5-B83B-4CC6-AA9D-E6A21E4EA484}.Debug|Any CPU.Build.0 = Debug|Any CPU
		{75E2AEB5-B83B-4CC6-AA9D-E6A21E4EA484}.Release|Any CPU.ActiveCfg = Release|Any CPU
		{75E2AEB5-B83B-4CC6-AA9D-E6A21E4EA484}.Release|Any CPU.Build.0 = Release|Any CPU
		{C7DD0D11-2FD3-4945-B915-9B7E9C5B02F8}.Debug|Any CPU.ActiveCfg = Debug|Any CPU
		{C7DD0D11-2FD3-4945-B915-9B7E9C5B02F8}.Debug|Any CPU.Build.0 = Debug|Any CPU
		{C7DD0D11-2FD3-4945-B915-9B7E9C5B02F8}.Release|Any CPU.ActiveCfg = Release|Any CPU
		{C7DD0D11-2FD3-4945-B915-9B7E9C5B02F8}.Release|Any CPU.Build.0 = Release|Any CPU
	EndGlobalSection
	GlobalSection(SolutionProperties) = preSolution
		HideSolutionNode = FALSE
	EndGlobalSection
	GlobalSection(ExtensibilityGlobals) = postSolution
		SolutionGuid = {93176CD6-79A3-4045-B440-EEE9797B5E57}
	EndGlobalSection
EndGlobal
