
Microsoft Visual Studio Solution File, Format Version 12.00
# Visual Studio Version 17
VisualStudioVersion = 17.8.34525.116
MinimumVisualStudioVersion = 10.0.40219.1
Project("{FAE04EC0-301F-11D3-BF4B-00C04F79EFBC}") = "SpeechToTextWithAzureService", "SpeechToTextWithAzureService.csproj", "{6A15A70D-9D54-4EEA-A880-47506356130F}"
EndProject
Global
	GlobalSection(SolutionConfigurationPlatforms) = preSolution
		Debug|Any CPU = Debug|Any CPU
		Release|Any CPU = Release|Any CPU
	EndGlobalSection
	GlobalSection(ProjectConfigurationPlatforms) = postSolution
		{6A15A70D-9D54-4EEA-A880-47506356130F}.Debug|Any CPU.ActiveCfg = Debug|Any CPU
		{6A15A70D-9D54-4EEA-A880-47506356130F}.Debug|Any CPU.Build.0 = Debug|Any CPU
		{6A15A70D-9D54-4EEA-A880-47506356130F}.Release|Any CPU.ActiveCfg = Release|Any CPU
		{6A15A70D-9D54-4EEA-A880-47506356130F}.Release|Any CPU.Build.0 = Release|Any CPU
	EndGlobalSection
	GlobalSection(SolutionProperties) = preSolution
		HideSolutionNode = FALSE
	EndGlobalSection
	GlobalSection(ExtensibilityGlobals) = postSolution
		SolutionGuid = {D8E82D45-B5A5-4A7F-B76C-FA083800FC2B}
	EndGlobalSection
EndGlobal
