
Microsoft Visual Studio Solution File, Format Version 12.00
# Visual Studio Version 17
VisualStudioVersion = 17.7.34018.315
MinimumVisualStudioVersion = 10.0.40219.1
Project("{2150E333-8FDC-42A3-9474-1A3956D46DE8}") = "1.Introduction", "1.Introduction", "{925DA8E4-323B-4EE9-A2BF-B014CABF086A}"
EndProject
Project("{9A19103F-16F7-4668-BE54-9A1E7A4F7556}") = "BasicConsoleApp", "1.Introduction\BasicConsoleApp\BasicConsoleApp.csproj", "{9273B7F4-0D40-4337-B165-3988B5DB4E4F}"
EndProject
Project("{2150E333-8FDC-42A3-9474-1A3956D46DE8}") = "2.GettingStarted", "2.GettingStarted", "{D583566D-BC4A-478F-A915-F315B075AF9A}"
EndProject
Project("{9A19103F-16F7-4668-BE54-9A1E7A4F7556}") = "BasicConsoleApp", "2.GettingStarted\BasicConsoleApp\BasicConsoleApp.csproj", "{69AB2AEB-8BEA-49EF-84B5-FAF8ADEEDFC2}"
EndProject
Project("{9A19103F-16F7-4668-BE54-9A1E7A4F7556}") = "BasicMinimalApi", "2.GettingStarted\BasicMinimalApi\BasicMinimalApi.csproj", "{BF487AB1-5D5C-42CC-ABA6-4D45DBF31B33}"
EndProject
Project("{9A19103F-16F7-4668-BE54-9A1E7A4F7556}") = "BasicWebApi", "2.GettingStarted\BasicWebApi\BasicWebApi.csproj", "{CBC3E8D7-7868-4D55-AC62-7EEC5E02720C}"
EndProject
Project("{2150E333-8FDC-42A3-9474-1A3956D46DE8}") = "3.DeepDive", "3.DeepDive", "{96949C2E-17FF-425C-9E7C-06451F3657A7}"
EndProject
Project("{9A19103F-16F7-4668-BE54-9A1E7A4F7556}") = "BasicConsoleApp", "3.DeepDive\BasicConsoleApp\BasicConsoleApp.csproj", "{4EB2AE98-6D2C-45FF-AF9D-186854166807}"
EndProject
Project("{9A19103F-16F7-4668-BE54-9A1E7A4F7556}") = "BasicMinimalApi", "3.DeepDive\BasicMinimalApi\BasicMinimalApi.csproj", "{92BC0D1E-2DF3-4ED8-B7C8-944DD1DDE329}"
EndProject
Project("{2150E333-8FDC-42A3-9474-1A3956D46DE8}") = "4.Providers", "4.Providers", "{961D7882-6987-4C71-BB32-4BC76F833CEB}"
EndProject
Project("{9A19103F-16F7-4668-BE54-9A1E7A4F7556}") = "BasicConsoleApp", "4.Providers\BasicConsoleApp\BasicConsoleApp.csproj", "{25096052-309B-4A38-9072-35791242D3B3}"
EndProject
Project("{9A19103F-16F7-4668-BE54-9A1E7A4F7556}") = "BasicMinimalApi", "4.Providers\BasicMinimalApi\BasicMinimalApi.csproj", "{ACD4B56C-39A0-4C3A-BC60-E968035C34E6}"
EndProject
Project("{2150E333-8FDC-42A3-9474-1A3956D46DE8}") = "5.AdvancedFeatures", "5.AdvancedFeatures", "{A371B913-BA4B-4297-9477-5A5B10478537}"
EndProject
Project("{9A19103F-16F7-4668-BE54-9A1E7A4F7556}") = "BasicConsoleApp", "5.AdvancedFeatures\BasicConsoleApp\BasicConsoleApp.csproj", "{14656387-A879-4503-8B96-3498F1F97DAE}"
EndProject
Project("{9A19103F-16F7-4668-BE54-9A1E7A4F7556}") = "BasicMinimalApi", "5.AdvancedFeatures\BasicMinimalApi\BasicMinimalApi.csproj", "{09455540-6547-45B2-B440-FD38314B6CF5}"
EndProject
Project("{2150E333-8FDC-42A3-9474-1A3956D46DE8}") = "6.Serilog", "6.Serilog", "{8A47EC9A-1211-4180-9B34-4FC93C66E290}"
EndProject
Project("{9A19103F-16F7-4668-BE54-9A1E7A4F7556}") = "BasicConsoleApp", "6.Serilog\BasicConsoleApp\BasicConsoleApp.csproj", "{4B561C0A-1F6E-4FDD-8332-B6F3AAE253DA}"
EndProject
Project("{9A19103F-16F7-4668-BE54-9A1E7A4F7556}") = "BasicMinimalApi", "6.Serilog\BasicMinimalApi\BasicMinimalApi.csproj", "{49B8AC3E-203E-423A-B71E-B000137F092B}"
EndProject
Project("{9A19103F-16F7-4668-BE54-9A1E7A4F7556}") = "BasicWebApi", "6.Serilog\BasicWebApi\BasicWebApi.csproj", "{C93D447C-D4C8-4273-AF80-068A141B9519}"
EndProject
Project("{2150E333-8FDC-42A3-9474-1A3956D46DE8}") = "7.HighPerformance", "7.HighPerformance", "{9E6D068F-AB72-4B37-8F61-4D92D5900558}"
EndProject
Project("{9A19103F-16F7-4668-BE54-9A1E7A4F7556}") = "BasicConsoleApp", "7.HighPerformance\BasicConsoleApp\BasicConsoleApp.csproj", "{3943CACB-7DB0-49B7-909A-A45C796692DE}"
EndProject
Project("{2150E333-8FDC-42A3-9474-1A3956D46DE8}") = "8.Monitoring", "8.Monitoring", "{D7F748C6-E787-4F80-B801-F218DFC239BC}"
EndProject
Project("{9A19103F-16F7-4668-BE54-9A1E7A4F7556}") = "BasicWebApi", "8.Monitoring\BasicWebApi\BasicWebApi.csproj", "{2934AE4E-F3AC-4F70-AB68-67CD825E6944}"
EndProject
Project("{2150E333-8FDC-42A3-9474-1A3956D46DE8}") = "9.LoggingBestPractices", "9.LoggingBestPractices", "{8B3351E6-B716-46E8-83AF-ADB377CECE07}"
EndProject
Project("{FAE04EC0-301F-11D3-BF4B-00C04F79EFBC}") = "LoggingBestPractices.Benchmarks", "9.LoggingBestPractices\LoggingBestPractices.Benchmarks\LoggingBestPractices.Benchmarks.csproj", "{AFABA559-9585-4872-8AA2-71E4A13EA300}"
EndProject
Project("{FAE04EC0-301F-11D3-BF4B-00C04F79EFBC}") = "LoggingBestPractices.DefaultLogging", "9.LoggingBestPractices\LoggingBestPractices.DefaultLogging\LoggingBestPractices.DefaultLogging.csproj", "{D67A1410-3D07-47E4-A52F-CD70D27E8846}"
EndProject
Global
	GlobalSection(SolutionConfigurationPlatforms) = preSolution
		Debug|Any CPU = Debug|Any CPU
		Release|Any CPU = Release|Any CPU
	EndGlobalSection
	GlobalSection(ProjectConfigurationPlatforms) = postSolution
		{9273B7F4-0D40-4337-B165-3988B5DB4E4F}.Debug|Any CPU.ActiveCfg = Debug|Any CPU
		{9273B7F4-0D40-4337-B165-3988B5DB4E4F}.Debug|Any CPU.Build.0 = Debug|Any CPU
		{9273B7F4-0D40-4337-B165-3988B5DB4E4F}.Release|Any CPU.ActiveCfg = Release|Any CPU
		{9273B7F4-0D40-4337-B165-3988B5DB4E4F}.Release|Any CPU.Build.0 = Release|Any CPU
		{69AB2AEB-8BEA-49EF-84B5-FAF8ADEEDFC2}.Debug|Any CPU.ActiveCfg = Debug|Any CPU
		{69AB2AEB-8BEA-49EF-84B5-FAF8ADEEDFC2}.Debug|Any CPU.Build.0 = Debug|Any CPU
		{69AB2AEB-8BEA-49EF-84B5-FAF8ADEEDFC2}.Release|Any CPU.ActiveCfg = Release|Any CPU
		{69AB2AEB-8BEA-49EF-84B5-FAF8ADEEDFC2}.Release|Any CPU.Build.0 = Release|Any CPU
		{BF487AB1-5D5C-42CC-ABA6-4D45DBF31B33}.Debug|Any CPU.ActiveCfg = Debug|Any CPU
		{BF487AB1-5D5C-42CC-ABA6-4D45DBF31B33}.Debug|Any CPU.Build.0 = Debug|Any CPU
		{BF487AB1-5D5C-42CC-ABA6-4D45DBF31B33}.Release|Any CPU.ActiveCfg = Release|Any CPU
		{BF487AB1-5D5C-42CC-ABA6-4D45DBF31B33}.Release|Any CPU.Build.0 = Release|Any CPU
		{CBC3E8D7-7868-4D55-AC62-7EEC5E02720C}.Debug|Any CPU.ActiveCfg = Debug|Any CPU
		{CBC3E8D7-7868-4D55-AC62-7EEC5E02720C}.Debug|Any CPU.Build.0 = Debug|Any CPU
		{CBC3E8D7-7868-4D55-AC62-7EEC5E02720C}.Release|Any CPU.ActiveCfg = Release|Any CPU
		{CBC3E8D7-7868-4D55-AC62-7EEC5E02720C}.Release|Any CPU.Build.0 = Release|Any CPU
		{4EB2AE98-6D2C-45FF-AF9D-186854166807}.Debug|Any CPU.ActiveCfg = Debug|Any CPU
		{4EB2AE98-6D2C-45FF-AF9D-186854166807}.Debug|Any CPU.Build.0 = Debug|Any CPU
		{4EB2AE98-6D2C-45FF-AF9D-186854166807}.Release|Any CPU.ActiveCfg = Release|Any CPU
		{4EB2AE98-6D2C-45FF-AF9D-186854166807}.Release|Any CPU.Build.0 = Release|Any CPU
		{92BC0D1E-2DF3-4ED8-B7C8-944DD1DDE329}.Debug|Any CPU.ActiveCfg = Debug|Any CPU
		{92BC0D1E-2DF3-4ED8-B7C8-944DD1DDE329}.Debug|Any CPU.Build.0 = Debug|Any CPU
		{92BC0D1E-2DF3-4ED8-B7C8-944DD1DDE329}.Release|Any CPU.ActiveCfg = Release|Any CPU
		{92BC0D1E-2DF3-4ED8-B7C8-944DD1DDE329}.Release|Any CPU.Build.0 = Release|Any CPU
		{25096052-309B-4A38-9072-35791242D3B3}.Debug|Any CPU.ActiveCfg = Debug|Any CPU
		{25096052-309B-4A38-9072-35791242D3B3}.Debug|Any CPU.Build.0 = Debug|Any CPU
		{25096052-309B-4A38-9072-35791242D3B3}.Release|Any CPU.ActiveCfg = Release|Any CPU
		{25096052-309B-4A38-9072-35791242D3B3}.Release|Any CPU.Build.0 = Release|Any CPU
		{ACD4B56C-39A0-4C3A-BC60-E968035C34E6}.Debug|Any CPU.ActiveCfg = Debug|Any CPU
		{ACD4B56C-39A0-4C3A-BC60-E968035C34E6}.Debug|Any CPU.Build.0 = Debug|Any CPU
		{ACD4B56C-39A0-4C3A-BC60-E968035C34E6}.Release|Any CPU.ActiveCfg = Release|Any CPU
		{ACD4B56C-39A0-4C3A-BC60-E968035C34E6}.Release|Any CPU.Build.0 = Release|Any CPU
		{14656387-A879-4503-8B96-3498F1F97DAE}.Debug|Any CPU.ActiveCfg = Debug|Any CPU
		{14656387-A879-4503-8B96-3498F1F97DAE}.Debug|Any CPU.Build.0 = Debug|Any CPU
		{14656387-A879-4503-8B96-3498F1F97DAE}.Release|Any CPU.ActiveCfg = Release|Any CPU
		{14656387-A879-4503-8B96-3498F1F97DAE}.Release|Any CPU.Build.0 = Release|Any CPU
		{09455540-6547-45B2-B440-FD38314B6CF5}.Debug|Any CPU.ActiveCfg = Debug|Any CPU
		{09455540-6547-45B2-B440-FD38314B6CF5}.Debug|Any CPU.Build.0 = Debug|Any CPU
		{09455540-6547-45B2-B440-FD38314B6CF5}.Release|Any CPU.ActiveCfg = Release|Any CPU
		{09455540-6547-45B2-B440-FD38314B6CF5}.Release|Any CPU.Build.0 = Release|Any CPU
		{4B561C0A-1F6E-4FDD-8332-B6F3AAE253DA}.Debug|Any CPU.ActiveCfg = Debug|Any CPU
		{4B561C0A-1F6E-4FDD-8332-B6F3AAE253DA}.Debug|Any CPU.Build.0 = Debug|Any CPU
		{4B561C0A-1F6E-4FDD-8332-B6F3AAE253DA}.Release|Any CPU.ActiveCfg = Release|Any CPU
		{4B561C0A-1F6E-4FDD-8332-B6F3AAE253DA}.Release|Any CPU.Build.0 = Release|Any CPU
		{49B8AC3E-203E-423A-B71E-B000137F092B}.Debug|Any CPU.ActiveCfg = Debug|Any CPU
		{49B8AC3E-203E-423A-B71E-B000137F092B}.Debug|Any CPU.Build.0 = Debug|Any CPU
		{49B8AC3E-203E-423A-B71E-B000137F092B}.Release|Any CPU.ActiveCfg = Release|Any CPU
		{49B8AC3E-203E-423A-B71E-B000137F092B}.Release|Any CPU.Build.0 = Release|Any CPU
		{C93D447C-D4C8-4273-AF80-068A141B9519}.Debug|Any CPU.ActiveCfg = Debug|Any CPU
		{C93D447C-D4C8-4273-AF80-068A141B9519}.Debug|Any CPU.Build.0 = Debug|Any CPU
		{C93D447C-D4C8-4273-AF80-068A141B9519}.Release|Any CPU.ActiveCfg = Release|Any CPU
		{C93D447C-D4C8-4273-AF80-068A141B9519}.Release|Any CPU.Build.0 = Release|Any CPU
		{3943CACB-7DB0-49B7-909A-A45C796692DE}.Debug|Any CPU.ActiveCfg = Debug|Any CPU
		{3943CACB-7DB0-49B7-909A-A45C796692DE}.Debug|Any CPU.Build.0 = Debug|Any CPU
		{3943CACB-7DB0-49B7-909A-A45C796692DE}.Release|Any CPU.ActiveCfg = Release|Any CPU
		{3943CACB-7DB0-49B7-909A-A45C796692DE}.Release|Any CPU.Build.0 = Release|Any CPU
		{2934AE4E-F3AC-4F70-AB68-67CD825E6944}.Debug|Any CPU.ActiveCfg = Debug|Any CPU
		{2934AE4E-F3AC-4F70-AB68-67CD825E6944}.Debug|Any CPU.Build.0 = Debug|Any CPU
		{2934AE4E-F3AC-4F70-AB68-67CD825E6944}.Release|Any CPU.ActiveCfg = Release|Any CPU
		{2934AE4E-F3AC-4F70-AB68-67CD825E6944}.Release|Any CPU.Build.0 = Release|Any CPU
		{AFABA559-9585-4872-8AA2-71E4A13EA300}.Debug|Any CPU.ActiveCfg = Debug|Any CPU
		{AFABA559-9585-4872-8AA2-71E4A13EA300}.Debug|Any CPU.Build.0 = Debug|Any CPU
		{AFABA559-9585-4872-8AA2-71E4A13EA300}.Release|Any CPU.ActiveCfg = Release|Any CPU
		{AFABA559-9585-4872-8AA2-71E4A13EA300}.Release|Any CPU.Build.0 = Release|Any CPU
		{D67A1410-3D07-47E4-A52F-CD70D27E8846}.Debug|Any CPU.ActiveCfg = Debug|Any CPU
		{D67A1410-3D07-47E4-A52F-CD70D27E8846}.Debug|Any CPU.Build.0 = Debug|Any CPU
		{D67A1410-3D07-47E4-A52F-CD70D27E8846}.Release|Any CPU.ActiveCfg = Release|Any CPU
		{D67A1410-3D07-47E4-A52F-CD70D27E8846}.Release|Any CPU.Build.0 = Release|Any CPU
	EndGlobalSection
	GlobalSection(SolutionProperties) = preSolution
		HideSolutionNode = FALSE
	EndGlobalSection
	GlobalSection(NestedProjects) = preSolution
		{9273B7F4-0D40-4337-B165-3988B5DB4E4F} = {925DA8E4-323B-4EE9-A2BF-B014CABF086A}
		{69AB2AEB-8BEA-49EF-84B5-FAF8ADEEDFC2} = {D583566D-BC4A-478F-A915-F315B075AF9A}
		{BF487AB1-5D5C-42CC-ABA6-4D45DBF31B33} = {D583566D-BC4A-478F-A915-F315B075AF9A}
		{CBC3E8D7-7868-4D55-AC62-7EEC5E02720C} = {D583566D-BC4A-478F-A915-F315B075AF9A}
		{4EB2AE98-6D2C-45FF-AF9D-186854166807} = {96949C2E-17FF-425C-9E7C-06451F3657A7}
		{92BC0D1E-2DF3-4ED8-B7C8-944DD1DDE329} = {96949C2E-17FF-425C-9E7C-06451F3657A7}
		{25096052-309B-4A38-9072-35791242D3B3} = {961D7882-6987-4C71-BB32-4BC76F833CEB}
		{ACD4B56C-39A0-4C3A-BC60-E968035C34E6} = {961D7882-6987-4C71-BB32-4BC76F833CEB}
		{14656387-A879-4503-8B96-3498F1F97DAE} = {A371B913-BA4B-4297-9477-5A5B10478537}
		{09455540-6547-45B2-B440-FD38314B6CF5} = {A371B913-BA4B-4297-9477-5A5B10478537}
		{4B561C0A-1F6E-4FDD-8332-B6F3AAE253DA} = {8A47EC9A-1211-4180-9B34-4FC93C66E290}
		{49B8AC3E-203E-423A-B71E-B000137F092B} = {8A47EC9A-1211-4180-9B34-4FC93C66E290}
		{C93D447C-D4C8-4273-AF80-068A141B9519} = {8A47EC9A-1211-4180-9B34-4FC93C66E290}
		{3943CACB-7DB0-49B7-909A-A45C796692DE} = {9E6D068F-AB72-4B37-8F61-4D92D5900558}
		{2934AE4E-F3AC-4F70-AB68-67CD825E6944} = {D7F748C6-E787-4F80-B801-F218DFC239BC}
		{AFABA559-9585-4872-8AA2-71E4A13EA300} = {8B3351E6-B716-46E8-83AF-ADB377CECE07}
		{D67A1410-3D07-47E4-A52F-CD70D27E8846} = {8B3351E6-B716-46E8-83AF-ADB377CECE07}
	EndGlobalSection
EndGlobal
