
Microsoft Visual Studio Solution File, Format Version 12.00
# Visual Studio Version 17
VisualStudioVersion = 17.8.34525.116
MinimumVisualStudioVersion = 10.0.40219.1
Project("{FAE04EC0-301F-11D3-BF4B-00C04F79EFBC}") = "AzureSpeechStudioResearch", "AzureSpeechStudioResearch.csproj", "{AD3B205E-1709-4153-8046-9CCB97E453DF}"
EndProject
Global
	GlobalSection(SolutionConfigurationPlatforms) = preSolution
		Debug|Any CPU = Debug|Any CPU
		Release|Any CPU = Release|Any CPU
	EndGlobalSection
	GlobalSection(ProjectConfigurationPlatforms) = postSolution
		{AD3B205E-1709-4153-8046-9CCB97E453DF}.Debug|Any CPU.ActiveCfg = Debug|Any CPU
		{AD3B205E-1709-4153-8046-9CCB97E453DF}.Debug|Any CPU.Build.0 = Debug|Any CPU
		{AD3B205E-1709-4153-8046-9CCB97E453DF}.Release|Any CPU.ActiveCfg = Release|Any CPU
		{AD3B205E-1709-4153-8046-9CCB97E453DF}.Release|Any CPU.Build.0 = Release|Any CPU
	EndGlobalSection
	GlobalSection(SolutionProperties) = preSolution
		HideSolutionNode = FALSE
	EndGlobalSection
	GlobalSection(ExtensibilityGlobals) = postSolution
		SolutionGuid = {4C69EEA3-39EB-471A-B69E-48D0F928B0F6}
	EndGlobalSection
EndGlobal
