
Microsoft Visual Studio Solution File, Format Version 12.00
# Visual Studio Version 17
VisualStudioVersion = 17.6.33815.320
MinimumVisualStudioVersion = 10.0.40219.1
Project("{9A19103F-16F7-4668-BE54-9A1E7A4F7556}") = "ProductCatalog.MinimalApi", "ProductCatalog.MinimalApi\ProductCatalog.MinimalApi.csproj", "{E4C9E9AC-9FA7-44EE-A7DC-85A5AADB1E42}"
EndProject
Global
	GlobalSection(SolutionConfigurationPlatforms) = preSolution
		Debug|Any CPU = Debug|Any CPU
		Release|Any CPU = Release|Any CPU
	EndGlobalSection
	GlobalSection(ProjectConfigurationPlatforms) = postSolution
		{E4C9E9AC-9FA7-44EE-A7DC-85A5AADB1E42}.Debug|Any CPU.ActiveCfg = Debug|Any CPU
		{E4C9E9AC-9FA7-44EE-A7DC-85A5AADB1E42}.Debug|Any CPU.Build.0 = Debug|Any CPU
		{E4C9E9AC-9FA7-44EE-A7DC-85A5AADB1E42}.Release|Any CPU.ActiveCfg = Release|Any CPU
		{E4C9E9AC-9FA7-44EE-A7DC-85A5AADB1E42}.Release|Any CPU.Build.0 = Release|Any CPU
	EndGlobalSection
	GlobalSection(SolutionProperties) = preSolution
		HideSolutionNode = FALSE
	EndGlobalSection
	GlobalSection(ExtensibilityGlobals) = postSolution
		SolutionGuid = {24A64CAE-EA96-4ECD-820F-4ED00BD75FF2}
	EndGlobalSection
EndGlobal
