
Microsoft Visual Studio Solution File, Format Version 12.00
# Visual Studio Version 17
VisualStudioVersion = 17.11.35111.106
MinimumVisualStudioVersion = 10.0.40219.1
Project("{9A19103F-16F7-4668-BE54-9A1E7A4F7556}") = "WebAPI", "WebAPI\WebAPI.csproj", "{DEBA4FEB-D139-4FC5-9CC3-0FB4C027EFD5}"
EndProject
Project("{9A19103F-16F7-4668-BE54-9A1E7A4F7556}") = "WebApi.Second", "WebApi.Second\WebApi.Second.csproj", "{01C6A500-1D92-4BE5-8845-873BCE234DAA}"
EndProject
Project("{9A19103F-16F7-4668-BE54-9A1E7A4F7556}") = "BlazorWasm", "BlazorWasm\BlazorWasm.csproj", "{CE5226A8-759E-49A8-A5B7-38F588D4C753}"
EndProject
Project("{9A19103F-16F7-4668-BE54-9A1E7A4F7556}") = "ConsoleApp", "ConsoleApp\ConsoleApp.csproj", "{95B47F11-12D5-49C9-B358-3659AC0A7815}"
EndProject
Project("{9A19103F-16F7-4668-BE54-9A1E7A4F7556}") = "Form2", "Form2\Form2.csproj", "{2BF65753-26B1-4335-8EC1-6027DB57C195}"
EndProject
Project("{2150E333-8FDC-42A3-9474-1A3956D46DE8}") = "Apps", "Apps", "{3483AD29-8CD4-4931-A9F8-175D4FB86890}"
EndProject
Project("{9A19103F-16F7-4668-BE54-9A1E7A4F7556}") = "WebMVC", "WebMVC\WebMVC.csproj", "{93F3C79A-94A4-408B-BA8C-399B73F0E04F}"
EndProject
Project("{2150E333-8FDC-42A3-9474-1A3956D46DE8}") = "Apis", "Apis", "{DF7BF058-00B8-4D76-A84E-13037063F681}"
EndProject
Project("{2150E333-8FDC-42A3-9474-1A3956D46DE8}") = "Aspire", "Aspire", "{FCA122CE-14F5-416B-8144-B7D9E700CD37}"
EndProject
Project("{9A19103F-16F7-4668-BE54-9A1E7A4F7556}") = "AspireToExistingDemo.AppHost", "AspireToExistingDemo.AppHost\AspireToExistingDemo.AppHost.csproj", "{30A5EF53-75CB-4B53-A676-36F33BC812FD}"
EndProject
Project("{9A19103F-16F7-4668-BE54-9A1E7A4F7556}") = "AspireToExistingDemo.ServiceDefaults", "AspireToExistingDemo.ServiceDefaults\AspireToExistingDemo.ServiceDefaults.csproj", "{2D28D808-9CD2-4FC1-83D3-85EAEBECB59C}"
EndProject
Project("{2150E333-8FDC-42A3-9474-1A3956D46DE8}") = "Shared", "Shared", "{9DAFBDD4-5E6E-429C-AD31-C6C49918E3F0}"
EndProject
Project("{9A19103F-16F7-4668-BE54-9A1E7A4F7556}") = "Domains", "Domains\Domains.csproj", "{765F3F51-CA23-4586-BC9B-B74E794237E5}"
EndProject
Project("{9A19103F-16F7-4668-BE54-9A1E7A4F7556}") = "AspireToExistingDemo.AppDefaults", "AspireToExistingDemo.AppDefaults\AspireToExistingDemo.AppDefaults.csproj", "{F2D37061-9732-4491-8144-AEB207245A65}"
EndProject
Global
	GlobalSection(SolutionConfigurationPlatforms) = preSolution
		Debug|Any CPU = Debug|Any CPU
		Release|Any CPU = Release|Any CPU
	EndGlobalSection
	GlobalSection(ProjectConfigurationPlatforms) = postSolution
		{DEBA4FEB-D139-4FC5-9CC3-0FB4C027EFD5}.Debug|Any CPU.ActiveCfg = Debug|Any CPU
		{DEBA4FEB-D139-4FC5-9CC3-0FB4C027EFD5}.Debug|Any CPU.Build.0 = Debug|Any CPU
		{DEBA4FEB-D139-4FC5-9CC3-0FB4C027EFD5}.Release|Any CPU.ActiveCfg = Release|Any CPU
		{DEBA4FEB-D139-4FC5-9CC3-0FB4C027EFD5}.Release|Any CPU.Build.0 = Release|Any CPU
		{01C6A500-1D92-4BE5-8845-873BCE234DAA}.Debug|Any CPU.ActiveCfg = Debug|Any CPU
		{01C6A500-1D92-4BE5-8845-873BCE234DAA}.Debug|Any CPU.Build.0 = Debug|Any CPU
		{01C6A500-1D92-4BE5-8845-873BCE234DAA}.Release|Any CPU.ActiveCfg = Release|Any CPU
		{01C6A500-1D92-4BE5-8845-873BCE234DAA}.Release|Any CPU.Build.0 = Release|Any CPU
		{CE5226A8-759E-49A8-A5B7-38F588D4C753}.Debug|Any CPU.ActiveCfg = Debug|Any CPU
		{CE5226A8-759E-49A8-A5B7-38F588D4C753}.Debug|Any CPU.Build.0 = Debug|Any CPU
		{CE5226A8-759E-49A8-A5B7-38F588D4C753}.Release|Any CPU.ActiveCfg = Release|Any CPU
		{CE5226A8-759E-49A8-A5B7-38F588D4C753}.Release|Any CPU.Build.0 = Release|Any CPU
		{95B47F11-12D5-49C9-B358-3659AC0A7815}.Debug|Any CPU.ActiveCfg = Debug|Any CPU
		{95B47F11-12D5-49C9-B358-3659AC0A7815}.Debug|Any CPU.Build.0 = Debug|Any CPU
		{95B47F11-12D5-49C9-B358-3659AC0A7815}.Release|Any CPU.ActiveCfg = Release|Any CPU
		{95B47F11-12D5-49C9-B358-3659AC0A7815}.Release|Any CPU.Build.0 = Release|Any CPU
		{2BF65753-26B1-4335-8EC1-6027DB57C195}.Debug|Any CPU.ActiveCfg = Debug|Any CPU
		{2BF65753-26B1-4335-8EC1-6027DB57C195}.Debug|Any CPU.Build.0 = Debug|Any CPU
		{2BF65753-26B1-4335-8EC1-6027DB57C195}.Release|Any CPU.ActiveCfg = Release|Any CPU
		{2BF65753-26B1-4335-8EC1-6027DB57C195}.Release|Any CPU.Build.0 = Release|Any CPU
		{93F3C79A-94A4-408B-BA8C-399B73F0E04F}.Debug|Any CPU.ActiveCfg = Debug|Any CPU
		{93F3C79A-94A4-408B-BA8C-399B73F0E04F}.Debug|Any CPU.Build.0 = Debug|Any CPU
		{93F3C79A-94A4-408B-BA8C-399B73F0E04F}.Release|Any CPU.ActiveCfg = Release|Any CPU
		{93F3C79A-94A4-408B-BA8C-399B73F0E04F}.Release|Any CPU.Build.0 = Release|Any CPU
		{30A5EF53-75CB-4B53-A676-36F33BC812FD}.Debug|Any CPU.ActiveCfg = Debug|Any CPU
		{30A5EF53-75CB-4B53-A676-36F33BC812FD}.Debug|Any CPU.Build.0 = Debug|Any CPU
		{30A5EF53-75CB-4B53-A676-36F33BC812FD}.Release|Any CPU.ActiveCfg = Release|Any CPU
		{30A5EF53-75CB-4B53-A676-36F33BC812FD}.Release|Any CPU.Build.0 = Release|Any CPU
		{2D28D808-9CD2-4FC1-83D3-85EAEBECB59C}.Debug|Any CPU.ActiveCfg = Debug|Any CPU
		{2D28D808-9CD2-4FC1-83D3-85EAEBECB59C}.Debug|Any CPU.Build.0 = Debug|Any CPU
		{2D28D808-9CD2-4FC1-83D3-85EAEBECB59C}.Release|Any CPU.ActiveCfg = Release|Any CPU
		{2D28D808-9CD2-4FC1-83D3-85EAEBECB59C}.Release|Any CPU.Build.0 = Release|Any CPU
		{765F3F51-CA23-4586-BC9B-B74E794237E5}.Debug|Any CPU.ActiveCfg = Debug|Any CPU
		{765F3F51-CA23-4586-BC9B-B74E794237E5}.Debug|Any CPU.Build.0 = Debug|Any CPU
		{765F3F51-CA23-4586-BC9B-B74E794237E5}.Release|Any CPU.ActiveCfg = Release|Any CPU
		{765F3F51-CA23-4586-BC9B-B74E794237E5}.Release|Any CPU.Build.0 = Release|Any CPU
		{F2D37061-9732-4491-8144-AEB207245A65}.Debug|Any CPU.ActiveCfg = Debug|Any CPU
		{F2D37061-9732-4491-8144-AEB207245A65}.Debug|Any CPU.Build.0 = Debug|Any CPU
		{F2D37061-9732-4491-8144-AEB207245A65}.Release|Any CPU.ActiveCfg = Release|Any CPU
		{F2D37061-9732-4491-8144-AEB207245A65}.Release|Any CPU.Build.0 = Release|Any CPU
	EndGlobalSection
	GlobalSection(SolutionProperties) = preSolution
		HideSolutionNode = FALSE
	EndGlobalSection
	GlobalSection(NestedProjects) = preSolution
		{DEBA4FEB-D139-4FC5-9CC3-0FB4C027EFD5} = {DF7BF058-00B8-4D76-A84E-13037063F681}
		{01C6A500-1D92-4BE5-8845-873BCE234DAA} = {DF7BF058-00B8-4D76-A84E-13037063F681}
		{CE5226A8-759E-49A8-A5B7-38F588D4C753} = {3483AD29-8CD4-4931-A9F8-175D4FB86890}
		{95B47F11-12D5-49C9-B358-3659AC0A7815} = {3483AD29-8CD4-4931-A9F8-175D4FB86890}
		{2BF65753-26B1-4335-8EC1-6027DB57C195} = {3483AD29-8CD4-4931-A9F8-175D4FB86890}
		{93F3C79A-94A4-408B-BA8C-399B73F0E04F} = {3483AD29-8CD4-4931-A9F8-175D4FB86890}
		{30A5EF53-75CB-4B53-A676-36F33BC812FD} = {FCA122CE-14F5-416B-8144-B7D9E700CD37}
		{2D28D808-9CD2-4FC1-83D3-85EAEBECB59C} = {FCA122CE-14F5-416B-8144-B7D9E700CD37}
		{765F3F51-CA23-4586-BC9B-B74E794237E5} = {9DAFBDD4-5E6E-429C-AD31-C6C49918E3F0}
		{F2D37061-9732-4491-8144-AEB207245A65} = {FCA122CE-14F5-416B-8144-B7D9E700CD37}
	EndGlobalSection
	GlobalSection(ExtensibilityGlobals) = postSolution
		SolutionGuid = {A06027C8-7853-4E5B-94CA-D0F11AE52AB4}
	EndGlobalSection
EndGlobal
