
Microsoft Visual Studio Solution File, Format Version 12.00
# Visual Studio Version 17
VisualStudioVersion = 17.13.35806.99
MinimumVisualStudioVersion = 10.0.40219.1
Project("{FAE04EC0-301F-11D3-BF4B-00C04F79EFBC}") = "IdentityService.API", "IdentityService.API\IdentityService.API.csproj", "{74A5C7A5-C0BF-D490-CDF8-5901DF8FCD3F}"
EndProject
Project("{FAE04EC0-301F-11D3-BF4B-00C04F79EFBC}") = "IdentityService.Infrastructure", "IdentityService.Infrastructure\IdentityService.Infrastructure.csproj", "{FBE4B6E3-A5E2-BACD-617A-B118F85EE791}"
EndProject
Project("{FAE04EC0-301F-11D3-BF4B-00C04F79EFBC}") = "IdentityService.Application", "IdentityService.Application\IdentityService.Application.csproj", "{7B41D8DD-4A5D-464E-8459-563DAA1D7D55}"
EndProject
Project("{FAE04EC0-301F-11D3-BF4B-00C04F79EFBC}") = "IdentityService.Tests", "IdentityService.Tests\IdentityService.Tests.csproj", "{3BC7BAA6-1DB9-4B43-976A-A41F72A1F3CD}"
EndProject
Project("{2150E333-8FDC-42A3-9474-1A3956D46DE8}") = "BuildingBlocks", "BuildingBlocks", "{02EA681E-C7D8-13C7-8484-4AC65E1B71E8}"
EndProject
Project("{FAE04EC0-301F-11D3-BF4B-00C04F79EFBC}") = "BuildingBlock.Domain", "Framework.Domain\BuildingBlock.Domain.csproj", "{89489BC0-8A3C-4DDD-A85B-8006CBF114B9}"
EndProject
Project("{FAE04EC0-301F-11D3-BF4B-00C04F79EFBC}") = "BuildingBlock.Database", "BuildingBlock.Database\BuildingBlock.Database.csproj", "{3C312B50-FC77-40D9-AE26-AA9067D779A3}"
EndProject
Global
	GlobalSection(SolutionConfigurationPlatforms) = preSolution
		Debug|Any CPU = Debug|Any CPU
		Release|Any CPU = Release|Any CPU
	EndGlobalSection
	GlobalSection(ProjectConfigurationPlatforms) = postSolution
		{74A5C7A5-C0BF-D490-CDF8-5901DF8FCD3F}.Debug|Any CPU.ActiveCfg = Debug|Any CPU
		{74A5C7A5-C0BF-D490-CDF8-5901DF8FCD3F}.Debug|Any CPU.Build.0 = Debug|Any CPU
		{74A5C7A5-C0BF-D490-CDF8-5901DF8FCD3F}.Release|Any CPU.ActiveCfg = Release|Any CPU
		{74A5C7A5-C0BF-D490-CDF8-5901DF8FCD3F}.Release|Any CPU.Build.0 = Release|Any CPU
		{FBE4B6E3-A5E2-BACD-617A-B118F85EE791}.Debug|Any CPU.ActiveCfg = Debug|Any CPU
		{FBE4B6E3-A5E2-BACD-617A-B118F85EE791}.Debug|Any CPU.Build.0 = Debug|Any CPU
		{FBE4B6E3-A5E2-BACD-617A-B118F85EE791}.Release|Any CPU.ActiveCfg = Release|Any CPU
		{FBE4B6E3-A5E2-BACD-617A-B118F85EE791}.Release|Any CPU.Build.0 = Release|Any CPU
		{7B41D8DD-4A5D-464E-8459-563DAA1D7D55}.Debug|Any CPU.ActiveCfg = Debug|Any CPU
		{7B41D8DD-4A5D-464E-8459-563DAA1D7D55}.Debug|Any CPU.Build.0 = Debug|Any CPU
		{7B41D8DD-4A5D-464E-8459-563DAA1D7D55}.Release|Any CPU.ActiveCfg = Release|Any CPU
		{7B41D8DD-4A5D-464E-8459-563DAA1D7D55}.Release|Any CPU.Build.0 = Release|Any CPU
		{3BC7BAA6-1DB9-4B43-976A-A41F72A1F3CD}.Debug|Any CPU.ActiveCfg = Debug|Any CPU
		{3BC7BAA6-1DB9-4B43-976A-A41F72A1F3CD}.Debug|Any CPU.Build.0 = Debug|Any CPU
		{3BC7BAA6-1DB9-4B43-976A-A41F72A1F3CD}.Release|Any CPU.ActiveCfg = Release|Any CPU
		{3BC7BAA6-1DB9-4B43-976A-A41F72A1F3CD}.Release|Any CPU.Build.0 = Release|Any CPU
		{89489BC0-8A3C-4DDD-A85B-8006CBF114B9}.Debug|Any CPU.ActiveCfg = Debug|Any CPU
		{89489BC0-8A3C-4DDD-A85B-8006CBF114B9}.Debug|Any CPU.Build.0 = Debug|Any CPU
		{89489BC0-8A3C-4DDD-A85B-8006CBF114B9}.Release|Any CPU.ActiveCfg = Release|Any CPU
		{89489BC0-8A3C-4DDD-A85B-8006CBF114B9}.Release|Any CPU.Build.0 = Release|Any CPU
		{3C312B50-FC77-40D9-AE26-AA9067D779A3}.Debug|Any CPU.ActiveCfg = Debug|Any CPU
		{3C312B50-FC77-40D9-AE26-AA9067D779A3}.Debug|Any CPU.Build.0 = Debug|Any CPU
		{3C312B50-FC77-40D9-AE26-AA9067D779A3}.Release|Any CPU.ActiveCfg = Release|Any CPU
		{3C312B50-FC77-40D9-AE26-AA9067D779A3}.Release|Any CPU.Build.0 = Release|Any CPU
	EndGlobalSection
	GlobalSection(SolutionProperties) = preSolution
		HideSolutionNode = FALSE
	EndGlobalSection
	GlobalSection(NestedProjects) = preSolution
		{89489BC0-8A3C-4DDD-A85B-8006CBF114B9} = {02EA681E-C7D8-13C7-8484-4AC65E1B71E8}
		{3C312B50-FC77-40D9-AE26-AA9067D779A3} = {02EA681E-C7D8-13C7-8484-4AC65E1B71E8}
	EndGlobalSection
	GlobalSection(ExtensibilityGlobals) = postSolution
		SolutionGuid = {BE72114A-2F9E-4C98-80CA-E896D06EDD11}
	EndGlobalSection
EndGlobal
